PODS:
  - WXAuthTool (0.2.0):
    - XXWeChatSDK
  - XXWeChatSDK (1.8.6.1)

DEPENDENCIES:
  - WXAuthTool (from `../`)

SPEC REPOS:
  trunk:
    - XXWeChatSDK

EXTERNAL SOURCES:
  WXAuthTool:
    :path: "../"

SPEC CHECKSUMS:
  WXAuthTool: af0af86bebeaf87bf11d2bcc850b6a4a67dfaa5f
  XXWeChatSDK: b245e9da83db8e277004b71546eddfdb782aed3e

PODFILE CHECKSUM: b78c50a530b231d2a3705818a8c7a0dd8c7ee6bd

COCOAPODS: 1.8.0
